
Microsoft Visual Studio Solution File, Format Version 12.00
# Visual Studio 2013
VisualStudioVersion = 12.0.31101.0
MinimumVisualStudioVersion = 10.0.40219.1
Project("{FAE04EC0-301F-11D3-BF4B-00C04F79EFBC}") = "KickballManager", "KickballManager\KickballManager.csproj", "{668CD24D-0216-4636-B44D-8ED7E1559D69}"
EndProject
Project("{FAE04EC0-301F-11D3-BF4B-00C04F79EFBC}") = "KickballManager.Tests", "KickballManager.Tests\KickballManager.Tests.csproj", "{F221384E-4AE0-47AA-B3EF-4B5B05968E23}"
EndProject
Global
	GlobalSection(SolutionConfigurationPlatforms) = preSolution
		Debug|Any CPU = Debug|Any CPU
		Release|Any CPU = Release|Any CPU
	EndGlobalSection
	GlobalSection(ProjectConfigurationPlatforms) = postSolution
		{668CD24D-0216-4636-B44D-8ED7E1559D69}.Debug|Any CPU.ActiveCfg = Debug|Any CPU
		{668CD24D-0216-4636-B44D-8ED7E1559D69}.Debug|Any CPU.Build.0 = Debug|Any CPU
		{668CD24D-0216-4636-B44D-8ED7E1559D69}.Release|Any CPU.ActiveCfg = Release|Any CPU
		{668CD24D-0216-4636-B44D-8ED7E1559D69}.Release|Any CPU.Build.0 = Release|Any CPU
		{F221384E-4AE0-47AA-B3EF-4B5B05968E23}.Debug|Any CPU.ActiveCfg = Debug|Any CPU
		{F221384E-4AE0-47AA-B3EF-4B5B05968E23}.Debug|Any CPU.Build.0 = Debug|Any CPU
		{F221384E-4AE0-47AA-B3EF-4B5B05968E23}.Release|Any CPU.ActiveCfg = Release|Any CPU
		{F221384E-4AE0-47AA-B3EF-4B5B05968E23}.Release|Any CPU.Build.0 = Release|Any CPU
	EndGlobalSection
	GlobalSection(SolutionProperties) = preSolution
		HideSolutionNode = FALSE
	EndGlobalSection
EndGlobal
